// !$*UTF8*$!
{
	archiveVersion = 1;
	classes = {
	};
	objectVersion = 46;
	objects = {

/* Begin PBXBuildFile section */
		BA0B03921DB9CAFE007E0128 /* BouncePresentAnimation.m in Sources */ = {isa = PBXBuildFile; fileRef = BA0B03841DB9CAFE007E0128 /* BouncePresentAnimation.m */; };
		BA0B03931DB9CAFE007E0128 /* PushAnimation.m in Sources */ = {isa = PBXBuildFile; fileRef = BA0B03861DB9CAFE007E0128 /* PushAnimation.m */; };
		BA0B03941DB9CAFE007E0128 /* SwipeUpInteractiveTransition.m in Sources */ = {isa = PBXBuildFile; fileRef = BA0B03881DB9CAFE007E0128 /* SwipeUpInteractiveTransition.m */; };
		BA0B03951DB9CAFE007E0128 /* ModalViewController.m in Sources */ = {isa = PBXBuildFile; fileRef = BA0B038B1DB9CAFE007E0128 /* ModalViewController.m */; };
		BA0B03961DB9CAFE007E0128 /* ModalViewController.xib in Resources */ = {isa = PBXBuildFile; fileRef = BA0B038C1DB9CAFE007E0128 /* ModalViewController.xib */; };
		BA0B03971DB9CAFE007E0128 /* PushViewController.m in Sources */ = {isa = PBXBuildFile; fileRef = BA0B038E1DB9CAFE007E0128 /* PushViewController.m */; };
		BA0B03981DB9CAFE007E0128 /* PushViewController.xib in Resources */ = {isa = PBXBuildFile; fileRef = BA0B038F1DB9CAFE007E0128 /* PushViewController.xib */; };
		BA0B03991DB9CAFE007E0128 /* ViewController.m in Sources */ = {isa = PBXBuildFile; fileRef = BA0B03911DB9CAFE007E0128 /* ViewController.m */; };
		BA0B039D1DB9CB60007E0128 /* AppDelegate.m in Sources */ = {isa = PBXBuildFile; fileRef = BA0B039C1DB9CB60007E0128 /* AppDelegate.m */; };
		BA77280B1DACF1BE007491F2 /* main.m in Sources */ = {isa = PBXBuildFile; fileRef = BA77280A1DACF1BE007491F2 /* main.m */; };
		BA7728141DACF1BE007491F2 /* Main.storyboard in Resources */ = {isa = PBXBuildFile; fileRef = BA7728121DACF1BE007491F2 /* Main.storyboard */; };
		BA7728161DACF1BE007491F2 /* Assets.xcassets in Resources */ = {isa = PBXBuildFile; fileRef = BA7728151DACF1BE007491F2 /* Assets.xcassets */; };
		BA7728191DACF1BE007491F2 /* LaunchScreen.storyboard in Resources */ = {isa = PBXBuildFile; fileRef = BA7728171DACF1BE007491F2 /* LaunchScreen.storyboard */; };
/* End PBXBuildFile section */

/* Begin PBXFileReference section */
		BA0B03831DB9CAFE007E0128 /* BouncePresentAnimation.h */ = {isa = PBXFileReference; fileEncoding = 4; lastKnownFileType = sourcecode.c.h; path = BouncePresentAnimation.h; sourceTree = "<group>"; };
		BA0B03841DB9CAFE007E0128 /* BouncePresentAnimation.m */ = {isa = PBXFileReference; fileEncoding = 4; lastKnownFileType = sourcecode.c.objc; path = BouncePresentAnimation.m; sourceTree = "<group>"; };
		BA0B03851DB9CAFE007E0128 /* PushAnimation.h */ = {isa = PBXFileReference; fileEncoding = 4; lastKnownFileType = sourcecode.c.h; path = PushAnimation.h; sourceTree = "<group>"; };
		BA0B03861DB9CAFE007E0128 /* PushAnimation.m */ = {isa = PBXFileReference; fileEncoding = 4; lastKnownFileType = sourcecode.c.objc; path = PushAnimation.m; sourceTree = "<group>"; };
		BA0B03871DB9CAFE007E0128 /* SwipeUpInteractiveTransition.h */ = {isa = PBXFileReference; fileEncoding = 4; lastKnownFileType = sourcecode.c.h; path = SwipeUpInteractiveTransition.h; sourceTree = "<group>"; };
		BA0B03881DB9CAFE007E0128 /* SwipeUpInteractiveTransition.m */ = {isa = PBXFileReference; fileEncoding = 4; lastKnownFileType = sourcecode.c.objc; path = SwipeUpInteractiveTransition.m; sourceTree = "<group>"; };
		BA0B038A1DB9CAFE007E0128 /* ModalViewController.h */ = {isa = PBXFileReference; fileEncoding = 4; lastKnownFileType = sourcecode.c.h; path = ModalViewController.h; sourceTree = "<group>"; };
		BA0B038B1DB9CAFE007E0128 /* ModalViewController.m */ = {isa = PBXFileReference; fileEncoding = 4; lastKnownFileType = sourcecode.c.objc; path = ModalViewController.m; sourceTree = "<group>"; };
		BA0B038C1DB9CAFE007E0128 /* ModalViewController.xib */ = {isa = PBXFileReference; fileEncoding = 4; lastKnownFileType = file.xib; path = ModalViewController.xib; sourceTree = "<group>"; };
		BA0B038D1DB9CAFE007E0128 /* PushViewController.h */ = {isa = PBXFileReference; fileEncoding = 4; lastKnownFileType = sourcecode.c.h; path = PushViewController.h; sourceTree = "<group>"; };
		BA0B038E1DB9CAFE007E0128 /* PushViewController.m */ = {isa = PBXFileReference; fileEncoding = 4; lastKnownFileType = sourcecode.c.objc; path = PushViewController.m; sourceTree = "<group>"; };
		BA0B038F1DB9CAFE007E0128 /* PushViewController.xib */ = {isa = PBXFileReference; fileEncoding = 4; lastKnownFileType = file.xib; path = PushViewController.xib; sourceTree = "<group>"; };
		BA0B03901DB9CAFE007E0128 /* ViewController.h */ = {isa = PBXFileReference; fileEncoding = 4; lastKnownFileType = sourcecode.c.h; path = ViewController.h; sourceTree = "<group>"; };
		BA0B03911DB9CAFE007E0128 /* ViewController.m */ = {isa = PBXFileReference; fileEncoding = 4; lastKnownFileType = sourcecode.c.objc; path = ViewController.m; sourceTree = "<group>"; };
		BA0B039B1DB9CB60007E0128 /* AppDelegate.h */ = {isa = PBXFileReference; fileEncoding = 4; lastKnownFileType = sourcecode.c.h; path = AppDelegate.h; sourceTree = "<group>"; };
		BA0B039C1DB9CB60007E0128 /* AppDelegate.m */ = {isa = PBXFileReference; fileEncoding = 4; lastKnownFileType = sourcecode.c.objc; path = AppDelegate.m; sourceTree = "<group>"; };
		BA7728061DACF1BE007491F2 /* TranVCDemo.app */ = {isa = PBXFileReference; explicitFileType = wrapper.application; includeInIndex = 0; path = TranVCDemo.app; sourceTree = BUILT_PRODUCTS_DIR; };
		BA77280A1DACF1BE007491F2 /* main.m */ = {isa = PBXFileReference; lastKnownFileType = sourcecode.c.objc; path = main.m; sourceTree = "<group>"; };
		BA7728131DACF1BE007491F2 /* Base */ = {isa = PBXFileReference; lastKnownFileType = file.storyboard; name = Base; path = Base.lproj/Main.storyboard; sourceTree = "<group>"; };
		BA7728151DACF1BE007491F2 /* Assets.xcassets */ = {isa = PBXFileReference; lastKnownFileType = folder.assetcatalog; path = Assets.xcassets; sourceTree = "<group>"; };
		BA7728181DACF1BE007491F2 /* Base */ = {isa = PBXFileReference; lastKnownFileType = file.storyboard; name = Base; path = Base.lproj/LaunchScreen.storyboard; sourceTree = "<group>"; };
		BA77281A1DACF1BE007491F2 /* Info.plist */ = {isa = PBXFileReference; lastKnownFileType = text.plist.xml; path = Info.plist; sourceTree = "<group>"; };
/* End PBXFileReference section */

/* Begin PBXFrameworksBuildPhase section */
		BA7728031DACF1BE007491F2 /* Frameworks */ = {
			isa = PBXFrameworksBuildPhase;
			buildActionMask = 2147483647;
			files = (
			);
			runOnlyForDeploymentPostprocessing = 0;
		};
/* End PBXFrameworksBuildPhase section */

/* Begin PBXGroup section */
		BA0B03821DB9CAFE007E0128 /* TransitionAnimation */ = {
			isa = PBXGroup;
			children = (
				BA0B03831DB9CAFE007E0128 /* BouncePresentAnimation.h */,
				BA0B03841DB9CAFE007E0128 /* BouncePresentAnimation.m */,
				BA0B03851DB9CAFE007E0128 /* PushAnimation.h */,
				BA0B03861DB9CAFE007E0128 /* PushAnimation.m */,
				BA0B03871DB9CAFE007E0128 /* SwipeUpInteractiveTransition.h */,
				BA0B03881DB9CAFE007E0128 /* SwipeUpInteractiveTransition.m */,
			);
			path = TransitionAnimation;
			sourceTree = "<group>";
		};
		BA0B03891DB9CAFE007E0128 /* ViewController */ = {
			isa = PBXGroup;
			children = (
				BA0B038A1DB9CAFE007E0128 /* ModalViewController.h */,
				BA0B038B1DB9CAFE007E0128 /* ModalViewController.m */,
				BA0B038C1DB9CAFE007E0128 /* ModalViewController.xib */,
				BA0B038D1DB9CAFE007E0128 /* PushViewController.h */,
				BA0B038E1DB9CAFE007E0128 /* PushViewController.m */,
				BA0B038F1DB9CAFE007E0128 /* PushViewController.xib */,
				BA0B03901DB9CAFE007E0128 /* ViewController.h */,
				BA0B03911DB9CAFE007E0128 /* ViewController.m */,
			);
			path = ViewController;
			sourceTree = "<group>";
		};
		BA0B039A1DB9CB60007E0128 /* Others */ = {
			isa = PBXGroup;
			children = (
				BA0B039B1DB9CB60007E0128 /* AppDelegate.h */,
				BA0B039C1DB9CB60007E0128 /* AppDelegate.m */,
			);
			path = Others;
			sourceTree = "<group>";
		};
		BA7727FD1DACF1BE007491F2 = {
			isa = PBXGroup;
			children = (
				BA7728081DACF1BE007491F2 /* TranVCDemo */,
				BA7728071DACF1BE007491F2 /* Products */,
			);
			sourceTree = "<group>";
		};
		BA7728071DACF1BE007491F2 /* Products */ = {
			isa = PBXGroup;
			children = (
				BA7728061DACF1BE007491F2 /* TranVCDemo.app */,
			);
			name = Products;
			sourceTree = "<group>";
		};
		BA7728081DACF1BE007491F2 /* TranVCDemo */ = {
			isa = PBXGroup;
			children = (
				BA0B039A1DB9CB60007E0128 /* Others */,
				BA0B03821DB9CAFE007E0128 /* TransitionAnimation */,
				BA0B03891DB9CAFE007E0128 /* ViewController */,
				BA7728121DACF1BE007491F2 /* Main.storyboard */,
				BA7728151DACF1BE007491F2 /* Assets.xcassets */,
				BA7728171DACF1BE007491F2 /* LaunchScreen.storyboard */,
				BA77281A1DACF1BE007491F2 /* Info.plist */,
				BA7728091DACF1BE007491F2 /* Supporting Files */,
			);
			path = TranVCDemo;
			sourceTree = "<group>";
		};
		BA7728091DACF1BE007491F2 /* Supporting Files */ = {
			isa = PBXGroup;
			children = (
				BA77280A1DACF1BE007491F2 /* main.m */,
			);
			name = "Supporting Files";
			sourceTree = "<group>";
		};
/* End PBXGroup section */

/* Begin PBXNativeTarget section */
		BA7728051DACF1BE007491F2 /* TranVCDemo */ = {
			isa = PBXNativeTarget;
			buildConfigurationList = BA77281D1DACF1BE007491F2 /* Build configuration list for PBXNativeTarget "TranVCDemo" */;
			buildPhases = (
				BA7728021DACF1BE007491F2 /* Sources */,
				BA7728031DACF1BE007491F2 /* Frameworks */,
				BA7728041DACF1BE007491F2 /* Resources */,
			);
			buildRules = (
			);
			dependencies = (
			);
			name = TranVCDemo;
			productName = TranVCDemo;
			productReference = BA7728061DACF1BE007491F2 /* TranVCDemo.app */;
			productType = "com.apple.product-type.application";
		};
/* End PBXNativeTarget section */

/* Begin PBXProject section */
		BA7727FE1DACF1BE007491F2 /* Project object */ = {
			isa = PBXProject;
			attributes = {
				LastUpgradeCheck = 0800;
				ORGANIZATIONNAME = yongliangP;
				TargetAttributes = {
					BA7728051DACF1BE007491F2 = {
						CreatedOnToolsVersion = 8.0;
						DevelopmentTeam = WKR87TTKML;
						ProvisioningStyle = Automatic;
					};
				};
			};
			buildConfigurationList = BA7728011DACF1BE007491F2 /* Build configuration list for PBXProject "TranVCDemo" */;
			compatibilityVersion = "Xcode 3.2";
			developmentRegion = English;
			hasScannedForEncodings = 0;
			knownRegions = (
				en,
				Base,
			);
			mainGroup = BA7727FD1DACF1BE007491F2;
			productRefGroup = BA7728071DACF1BE007491F2 /* Products */;
			projectDirPath = "";
			projectRoot = "";
			targets = (
				BA7728051DACF1BE007491F2 /* TranVCDemo */,
			);
		};
/* End PBXProject section */

/* Begin PBXResourcesBuildPhase section */
		BA7728041DACF1BE007491F2 /* Resources */ = {
			isa = PBXResourcesBuildPhase;
			buildActionMask = 2147483647;
			files = (
				BA0B03961DB9CAFE007E0128 /* ModalViewController.xib in Resources */,
				BA7728191DACF1BE007491F2 /* LaunchScreen.storyboard in Resources */,
				BA0B03981DB9CAFE007E0128 /* PushViewController.xib in Resources */,
				BA7728161DACF1BE007491F2 /* Assets.xcassets in Resources */,
				BA7728141DACF1BE007491F2 /* Main.storyboard in Resources */,
			);
			runOnlyForDeploymentPostprocessing = 0;
		};
/* End PBXResourcesBuildPhase section */

/* Begin PBXSourcesBuildPhase section */
		BA7728021DACF1BE007491F2 /* Sources */ = {
			isa = PBXSourcesBuildPhase;
			buildActionMask = 2147483647;
			files = (
				BA0B03991DB9CAFE007E0128 /* ViewController.m in Sources */,
				BA0B03931DB9CAFE007E0128 /* PushAnimation.m in Sources */,
				BA77280B1DACF1BE007491F2 /* main.m in Sources */,
				BA0B03971DB9CAFE007E0128 /* PushViewController.m in Sources */,
				BA0B039D1DB9CB60007E0128 /* AppDelegate.m in Sources */,
				BA0B03941DB9CAFE007E0128 /* SwipeUpInteractiveTransition.m in Sources */,
				BA0B03951DB9CAFE007E0128 /* ModalViewController.m in Sources */,
				BA0B03921DB9CAFE007E0128 /* BouncePresentAnimation.m in Sources */,
			);
			runOnlyForDeploymentPostprocessing = 0;
		};
/* End PBXSourcesBuildPhase section */

/* Begin PBXVariantGroup section */
		BA7728121DACF1BE007491F2 /* Main.storyboard */ = {
			isa = PBXVariantGroup;
			children = (
				BA7728131DACF1BE007491F2 /* Base */,
			);
			name = Main.storyboard;
			sourceTree = "<group>";
		};
		BA7728171DACF1BE007491F2 /* LaunchScreen.storyboard */ = {
			isa = PBXVariantGroup;
			children = (
				BA7728181DACF1BE007491F2 /* Base */,
			);
			name = LaunchScreen.storyboard;
			sourceTree = "<group>";
		};
/* End PBXVariantGroup section */

/* Begin XCBuildConfiguration section */
		BA77281B1DACF1BE007491F2 /* Debug */ = {
			isa = XCBuildConfiguration;
			buildSettings = {
				ALWAYS_SEARCH_USER_PATHS = NO;
				CLANG_ANALYZER_NONNULL = YES;
				CLANG_CXX_LANGUAGE_STANDARD = "gnu++0x";
				CLANG_CXX_LIBRARY = "libc++";
				CLANG_ENABLE_MODULES = YES;
				CLANG_ENABLE_OBJC_ARC = YES;
				CLANG_WARN_BOOL_CONVERSION = YES;
				CLANG_WARN_CONSTANT_CONVERSION = YES;
				CLANG_WARN_DIRECT_OBJC_ISA_USAGE = YES_ERROR;
				CLANG_WARN_DOCUMENTATION_COMMENTS = YES;
				CLANG_WARN_EMPTY_BODY = YES;
				CLANG_WARN_ENUM_CONVERSION = YES;
				CLANG_WARN_INFINITE_RECURSION = YES;
				CLANG_WARN_INT_CONVERSION = YES;
				CLANG_WARN_OBJC_ROOT_CLASS = YES_ERROR;
				CLANG_WARN_SUSPICIOUS_MOVES = YES;
				CLANG_WARN_UNREACHABLE_CODE = YES;
				CLANG_WARN__DUPLICATE_METHOD_MATCH = YES;
				"CODE_SIGN_IDENTITY[sdk=iphoneos*]" = "iPhone Developer";
				COPY_PHASE_STRIP = NO;
				DEBUG_INFORMATION_FORMAT = dwarf;
				ENABLE_STRICT_OBJC_MSGSEND = YES;
				ENABLE_TESTABILITY = YES;
				GCC_C_LANGUAGE_STANDARD = gnu99;
				GCC_DYNAMIC_NO_PIC = NO;
				GCC_NO_COMMON_BLOCKS = YES;
				GCC_OPTIMIZATION_LEVEL = 0;
				GCC_PREPROCESSOR_DEFINITIONS = (
					"DEBUG=1",
					"$(inherited)",
				);
				GCC_WARN_64_TO_32_BIT_CONVERSION = YES;
				GCC_WARN_ABOUT_RETURN_TYPE = YES_ERROR;
				GCC_WARN_UNDECLARED_SELECTOR = YES;
				GCC_WARN_UNINITIALIZED_AUTOS = YES_AGGRESSIVE;
				GCC_WARN_UNUSED_FUNCTION = YES;
				GCC_WARN_UNUSED_VARIABLE = YES;
				IPHONEOS_DEPLOYMENT_TARGET = 10.0;
				MTL_ENABLE_DEBUG_INFO = YES;
				ONLY_ACTIVE_ARCH = YES;
				SDKROOT = iphoneos;
				TARGETED_DEVICE_FAMILY = "1,2";
			};
			name = Debug;
		};
		BA77281C1DACF1BE007491F2 /* Release */ = {
			isa = XCBuildConfiguration;
			buildSettings = {
				ALWAYS_SEARCH_USER_PATHS = NO;
				CLANG_ANALYZER_NONNULL = YES;
				CLANG_CXX_LANGUAGE_STANDARD = "gnu++0x";
				CLANG_CXX_LIBRARY = "libc++";
				CLANG_ENABLE_MODULES = YES;
				CLANG_ENABLE_OBJC_ARC = YES;
				CLANG_WARN_BOOL_CONVERSION = YES;
				CLANG_WARN_CONSTANT_CONVERSION = YES;
				CLANG_WARN_DIRECT_OBJC_ISA_USAGE = YES_ERROR;
				CLANG_WARN_DOCUMENTATION_COMMENTS = YES;
				CLANG_WARN_EMPTY_BODY = YES;
				CLANG_WARN_ENUM_CONVERSION = YES;
				CLANG_WARN_INFINITE_RECURSION = YES;
				CLANG_WARN_INT_CONVERSION = YES;
				CLANG_WARN_OBJC_ROOT_CLASS = YES_ERROR;
				CLANG_WARN_SUSPICIOUS_MOVES = YES;
				CLANG_WARN_UNREACHABLE_CODE = YES;
				CLANG_WARN__DUPLICATE_METHOD_MATCH = YES;
				"CODE_SIGN_IDENTITY[sdk=iphoneos*]" = "iPhone Developer";
				COPY_PHASE_STRIP = NO;
				DEBUG_INFORMATION_FORMAT = "dwarf-with-dsym";
				ENABLE_NS_ASSERTIONS = NO;
				ENABLE_STRICT_OBJC_MSGSEND = YES;
				GCC_C_LANGUAGE_STANDARD = gnu99;
				GCC_NO_COMMON_BLOCKS = YES;
				GCC_WARN_64_TO_32_BIT_CONVERSION = YES;
				GCC_WARN_ABOUT_RETURN_TYPE = YES_ERROR;
				GCC_WARN_UNDECLARED_SELECTOR = YES;
				GCC_WARN_UNINITIALIZED_AUTOS = YES_AGGRESSIVE;
				GCC_WARN_UNUSED_FUNCTION = YES;
				GCC_WARN_UNUSED_VARIABLE = YES;
				IPHONEOS_DEPLOYMENT_TARGET = 10.0;
				MTL_ENABLE_DEBUG_INFO = NO;
				SDKROOT = iphoneos;
				TARGETED_DEVICE_FAMILY = "1,2";
				VALIDATE_PRODUCT = YES;
			};
			name = Release;
		};
		BA77281E1DACF1BE007491F2 /* Debug */ = {
			isa = XCBuildConfiguration;
			buildSettings = {
				ASSETCATALOG_COMPILER_APPICON_NAME = AppIcon;
				DEVELOPMENT_TEAM = WKR87TTKML;
				INFOPLIST_FILE = TranVCDemo/Info.plist;
				LD_RUNPATH_SEARCH_PATHS = "$(inherited) @executable_path/Frameworks";
				PRODUCT_BUNDLE_IDENTIFIER = yongliangP.TranVCDemo;
				PRODUCT_NAME = "$(TARGET_NAME)";
			};
			name = Debug;
		};
		BA77281F1DACF1BE007491F2 /* Release */ = {
			isa = XCBuildConfiguration;
			buildSettings = {
				ASSETCATALOG_COMPILER_APPICON_NAME = AppIcon;
				DEVELOPMENT_TEAM = WKR87TTKML;
				INFOPLIST_FILE = TranVCDemo/Info.plist;
				LD_RUNPATH_SEARCH_PATHS = "$(inherited) @executable_path/Frameworks";
				PRODUCT_BUNDLE_IDENTIFIER = yongliangP.TranVCDemo;
				PRODUCT_NAME = "$(TARGET_NAME)";
			};
			name = Release;
		};
/* End XCBuildConfiguration section */

/* Begin XCConfigurationList section */
		BA7728011DACF1BE007491F2 /* Build configuration list for PBXProject "TranVCDemo" */ = {
			isa = XCConfigurationList;
			buildConfigurations = (
				BA77281B1DACF1BE007491F2 /* Debug */,
				BA77281C1DACF1BE007491F2 /* Release */,
			);
			defaultConfigurationIsVisible = 0;
			defaultConfigurationName = Release;
		};
		BA77281D1DACF1BE007491F2 /* Build configuration list for PBXNativeTarget "TranVCDemo" */ = {
			isa = XCConfigurationList;
			buildConfigurations = (
				BA77281E1DACF1BE007491F2 /* Debug */,
				BA77281F1DACF1BE007491F2 /* Release */,
			);
			defaultConfigurationIsVisible = 0;
			defaultConfigurationName = Release;
		};
/* End XCConfigurationList section */
	};
	rootObject = BA7727FE1DACF1BE007491F2 /* Project object */;
}
